<?xml version="1.0" encoding="utf-8"?>
<Project ToolsVersion="4.0" xmlns="http://schemas.microsoft.com/developer/msbuild/2003">
  <ItemGroup>
    <Filter Include="Source Files">
      <UniqueIdentifier>{4FC737F1-C7A5-4376-A066-2A32D752A2FF}</UniqueIdentifier>
      <Extensions>cpp;cxx;c;def</Extensions>
    </Filter>
    <Filter Include="Source Files\Qt">
      <UniqueIdentifier>{55a6516c-1402-4eaf-ac8f-ef7b7d995eb7}</UniqueIdentifier>
    </Filter>
    <Filter Include="Source Files\GL">
      <UniqueIdentifier>{8ee17c43-3805-4777-83ba-c7a854d791c8}</UniqueIdentifier>
    </Filter>
    <Filter Include="Header Files">
      <UniqueIdentifier>{93995380-89BD-4b04-88EB-625FBE52EBFB}</UniqueIdentifier>
      <Extensions>h</Extensions>
    </Filter>
    <Filter Include="Header Files\Qt">
      <UniqueIdentifier>{1fc2647e-d075-4ccb-9276-70ad6ba9ec96}</UniqueIdentifier>
      <Extensions>qt*.*</Extensions>
    </Filter>
    <Filter Include="Header Files\GL">
      <UniqueIdentifier>{601ca470-bc53-4776-95a2-9f576e18649c}</UniqueIdentifier>
    </Filter>
    <Filter Include="Form Files">
      <UniqueIdentifier>{99349809-55BA-4b9d-BF79-8FDBB0286EB3}</UniqueIdentifier>
      <Extensions>ui</Extensions>
    </Filter>
    <Filter Include="Resource Files">
      <UniqueIdentifier>{D9D6E242-F8AF-46E4-B9FD-80ECBC20BA3E}</UniqueIdentifier>
      <Extensions>qrc;*</Extensions>
      <ParseFiles>false</ParseFiles>
    </Filter>
    <Filter Include="Generated Files">
      <UniqueIdentifier>{71ED8ED8-ACB9-4CE9-BBE1-E00B30144E11}</UniqueIdentifier>
      <Extensions>moc;h;cpp</Extensions>
      <SourceControlFiles>False</SourceControlFiles>
    </Filter>
    <Filter Include="Generated Files\Release">
      <UniqueIdentifier>{6727d41a-330f-4da5-aff5-9cd67fcf1319}</UniqueIdentifier>
      <Extensions>cpp;moc</Extensions>
      <SourceControlFiles>False</SourceControlFiles>
    </Filter>
    <Filter Include="Generated Files\Debug">
      <UniqueIdentifier>{76977a27-18a3-4f1b-b536-5dabde8fd694}</UniqueIdentifier>
      <Extensions>cpp;moc</Extensions>
      <SourceControlFiles>False</SourceControlFiles>
    </Filter>
    <Filter Include="Generated Files\Debug_OMERO">
      <UniqueIdentifier>{6a1416dc-1378-451d-8c0c-61d22351e152}</UniqueIdentifier>
      <Extensions>cpp;moc</Extensions>
      <SourceControlFiles>False</SourceControlFiles>
    </Filter>
    <Filter Include="Generated Files\Template">
      <UniqueIdentifier>{2369211a-571c-4b39-94a4-05ba696d84a9}</UniqueIdentifier>
      <Extensions>cpp;moc</Extensions>
      <SourceControlFiles>False</SourceControlFiles>
    </Filter>
    <Filter Include="Header Files\CL">
      <UniqueIdentifier>{6e562eb1-8b91-43eb-b297-460854ed5e2a}</UniqueIdentifier>
    </Filter>
    <Filter Include="Source Files\CL">
      <UniqueIdentifier>{239726e9-3a0d-464f-b479-1dbe4a29675c}</UniqueIdentifier>
    </Filter>
  </ItemGroup>
  <ItemGroup>
    <ClCompile Include="src\ArcBall.cpp">
      <Filter>Source Files</Filter>
    </ClCompile>
    <ClCompile Include="src\BSpline.cpp">
      <Filter>Source Files</Filter>
    </ClCompile>
    <ClCompile Include="src\Camera.cpp">
      <Filter>Source Files</Filter>
    </ClCompile>
    <ClCompile Include="src\ColourFun.cpp">
      <Filter>Source Files</Filter>
    </ClCompile>
    <ClCompile Include="src\CVector.cpp">
      <Filter>Source Files</Filter>
    </ClCompile>
    <ClCompile Include="src\DatasetView.cpp">
      <Filter>Source Files</Filter>
    </ClCompile>
    <ClCompile Include="src\Face.cpp">
      <Filter>Source Files</Filter>
    </ClCompile>
    <ClCompile Include="src\Filter.cpp">
      <Filter>Source Files</Filter>
    </ClCompile>
    <ClCompile Include="src\Floodfill.cpp">
      <Filter>Source Files</Filter>
    </ClCompile>
    <ClCompile Include="src\FunctionEditor.cpp">
      <Filter>Source Files</Filter>
    </ClCompile>
    <ClCompile Include="src\Gaussian.cpp">
      <Filter>Source Files</Filter>
    </ClCompile>
    <ClCompile Include="src\Global.cpp">
      <Filter>Source Files</Filter>
    </ClCompile>
    <ClCompile Include="src\Main.cpp">
      <Filter>Source Files</Filter>
    </ClCompile>
    <ClCompile Include="src\MarchingCubes.cpp">
      <Filter>Source Files</Filter>
    </ClCompile>
    <ClCompile Include="src\Matrix.cpp">
      <Filter>Source Files</Filter>
    </ClCompile>
    <ClCompile Include="src\Matrix4x4.cpp">
      <Filter>Source Files</Filter>
    </ClCompile>
    <ClCompile Include="src\maxflow.cpp">
      <Filter>Source Files</Filter>
    </ClCompile>
    <ClCompile Include="src\maxflow_graph.cpp">
      <Filter>Source Files</Filter>
    </ClCompile>
    <ClCompile Include="src\MaxFlowSegmentation.cpp">
      <Filter>Source Files</Filter>
    </ClCompile>
    <ClCompile Include="src\MeasureListObject.cpp">
      <Filter>Source Files</Filter>
    </ClCompile>
    <ClCompile Include="src\MeasureObject.cpp">
      <Filter>Source Files</Filter>
    </ClCompile>
    <ClCompile Include="src\Mesh.cpp">
      <Filter>Source Files</Filter>
    </ClCompile>
    <ClCompile Include="src\MeshListObject.cpp">
      <Filter>Source Files</Filter>
    </ClCompile>
    <ClCompile Include="src\MyMath.cpp">
      <Filter>Source Files</Filter>
    </ClCompile>
    <ClCompile Include="src\OMEROLoader.cpp">
      <Filter>Source Files</Filter>
    </ClCompile>
    <ClCompile Include="src\PCA.cpp">
      <Filter>Source Files</Filter>
    </ClCompile>
    <ClCompile Include="src\PeronaMalikFlow.cpp">
      <Filter>Source Files</Filter>
    </ClCompile>
    <ClCompile Include="src\PlaneWidget.cpp">
      <Filter>Source Files</Filter>
    </ClCompile>
    <ClCompile Include="src\PlaneWidgetInCube.cpp">
      <Filter>Source Files</Filter>
    </ClCompile>
    <ClCompile Include="src\Quaternion.cpp">
      <Filter>Source Files</Filter>
    </ClCompile>
    <ClCompile Include="src\RAW.cpp">
      <Filter>Source Files</Filter>
    </ClCompile>
    <ClCompile Include="src\Sieve.cpp">
      <Filter>Source Files</Filter>
    </ClCompile>
    <ClCompile Include="src\Sobel.cpp">
      <Filter>Source Files</Filter>
    </ClCompile>
    <ClCompile Include="src\TfuncState.cpp">
      <Filter>Source Files</Filter>
    </ClCompile>
    <ClCompile Include="src\Timer.cpp">
      <Filter>Source Files</Filter>
    </ClCompile>
    <ClCompile Include="src\Tokenizer.cpp">
      <Filter>Source Files</Filter>
    </ClCompile>
    <ClCompile Include="src\Triangulate.cpp">
      <Filter>Source Files</Filter>
    </ClCompile>
    <ClCompile Include="src\Vector.cpp">
      <Filter>Source Files</Filter>
    </ClCompile>
    <ClCompile Include="src\VolIO.cpp">
      <Filter>Source Files</Filter>
    </ClCompile>
    <ClCompile Include="src\VolumeObject.cpp">
      <Filter>Source Files</Filter>
    </ClCompile>
    <ClCompile Include="src\VolumeRender.cpp">
      <Filter>Source Files</Filter>
    </ClCompile>
    <ClCompile Include="src\VolumeRenderView.cpp">
      <Filter>Source Files</Filter>
    </ClCompile>
    <ClCompile Include="src\QtClippingEditorDialogue.cpp">
      <Filter>Source Files\Qt</Filter>
    </ClCompile>
    <ClCompile Include="src\QtCLippingWidget.cpp">
      <Filter>Source Files\Qt</Filter>
    </ClCompile>
    <ClCompile Include="src\QtCropEditorDialogue.cpp">
      <Filter>Source Files\Qt</Filter>
    </ClCompile>
    <ClCompile Include="src\QtCropWidget.cpp">
      <Filter>Source Files\Qt</Filter>
    </ClCompile>
    <ClCompile Include="src\QtDatasetViewDialogue.cpp">
      <Filter>Source Files\Qt</Filter>
    </ClCompile>
    <ClCompile Include="src\QtDatasetViewWidget.cpp">
      <Filter>Source Files\Qt</Filter>
    </ClCompile>
    <ClCompile Include="src\QtFilterEditorDialogue.cpp">
      <Filter>Source Files\Qt</Filter>
    </ClCompile>
    <ClCompile Include="src\QtFilterWidget.cpp">
      <Filter>Source Files\Qt</Filter>
    </ClCompile>
    <ClCompile Include="src\QtGLObjWin.cpp">
      <Filter>Source Files\Qt</Filter>
    </ClCompile>
    <ClCompile Include="src\QtGLWidget.cpp">
      <Filter>Source Files\Qt</Filter>
    </ClCompile>
    <ClCompile Include="src\QtHistogram.cpp">
      <Filter>Source Files\Qt</Filter>
    </ClCompile>
    <ClCompile Include="src\QtIsoSurfaceWidget.cpp">
      <Filter>Source Files\Qt</Filter>
    </ClCompile>
    <ClCompile Include="src\QtLightEditorDialogue.cpp">
      <Filter>Source Files\Qt</Filter>
    </ClCompile>
    <ClCompile Include="src\QtLightSettingsWidget.cpp">
      <Filter>Source Files\Qt</Filter>
    </ClCompile>
    <ClCompile Include="src\QtMainWindow.cpp">
      <Filter>Source Files\Qt</Filter>
    </ClCompile>
    <ClCompile Include="src\QtMeasuringEditorDialogue.cpp">
      <Filter>Source Files\Qt</Filter>
    </ClCompile>
    <ClCompile Include="src\QtMeasuringWidget.cpp">
      <Filter>Source Files\Qt</Filter>
    </ClCompile>
    <ClCompile Include="src\QtMovieEditorDialogue.cpp">
      <Filter>Source Files\Qt</Filter>
    </ClCompile>
    <ClCompile Include="src\QtMoviePlayer.cpp">
      <Filter>Source Files\Qt</Filter>
    </ClCompile>
    <ClCompile Include="src\QtMovieSettingsWidget.cpp">
      <Filter>Source Files\Qt</Filter>
    </ClCompile>
    <ClCompile Include="src\QtOMEROLoader.cpp">
      <Filter>Source Files\Qt</Filter>
    </ClCompile>
    <ClCompile Include="src\QtRenderSettingsWidget.cpp">
      <Filter>Source Files\Qt</Filter>
    </ClCompile>
    <ClCompile Include="src\QtRenderViewDialogue.cpp">
      <Filter>Source Files\Qt</Filter>
    </ClCompile>
    <ClCompile Include="src\QtRenderViewWidget.cpp">
      <Filter>Source Files\Qt</Filter>
    </ClCompile>
    <ClCompile Include="src\QtSliceFrame.cpp">
      <Filter>Source Files\Qt</Filter>
    </ClCompile>
    <ClCompile Include="src\QtSplashScreen.cpp">
      <Filter>Source Files\Qt</Filter>
    </ClCompile>
    <ClCompile Include="src\QtStereoEditorDialogue.cpp">
      <Filter>Source Files\Qt</Filter>
    </ClCompile>
    <ClCompile Include="src\QtStereoSettingsWidget.cpp">
      <Filter>Source Files\Qt</Filter>
    </ClCompile>
    <ClCompile Include="src\QtThreadedBrickLoader.cpp">
      <Filter>Source Files\Qt</Filter>
    </ClCompile>
    <ClCompile Include="src\QtThreadedSliceLoader.cpp">
      <Filter>Source Files\Qt</Filter>
    </ClCompile>
    <ClCompile Include="src\QtTransferFunctionEditorDialogue.cpp">
      <Filter>Source Files\Qt</Filter>
    </ClCompile>
    <ClCompile Include="src\QtTransferFunctionWidget.cpp">
      <Filter>Source Files\Qt</Filter>
    </ClCompile>
    <ClCompile Include="src\QtTransformEditorDialogue.cpp">
      <Filter>Source Files\Qt</Filter>
    </ClCompile>
    <ClCompile Include="src\QtTransformWidget.cpp">
      <Filter>Source Files\Qt</Filter>
    </ClCompile>
    <ClCompile Include="src\QtViewEditorDialogue.cpp">
      <Filter>Source Files\Qt</Filter>
    </ClCompile>
    <ClCompile Include="src\QtViewSettingsWidget.cpp">
      <Filter>Source Files\Qt</Filter>
    </ClCompile>
    <ClCompile Include="src\QtVolumeEditorDialogue.cpp">
      <Filter>Source Files\Qt</Filter>
    </ClCompile>
    <ClCompile Include="src\GL_Ext.cpp">
      <Filter>Source Files\GL</Filter>
    </ClCompile>
    <ClCompile Include="src\GL_FrameBufferObject.cpp">
      <Filter>Source Files\GL</Filter>
    </ClCompile>
    <ClCompile Include="src\GL_ShaderObj.cpp">
      <Filter>Source Files\GL</Filter>
    </ClCompile>
    <ClCompile Include="GeneratedFiles\Release\moc_QtClippingEditorDialogue.cpp">
      <Filter>Generated Files\Release</Filter>
    </ClCompile>
    <ClCompile Include="GeneratedFiles\Release\moc_QtCLippingWidget.cpp">
      <Filter>Generated Files\Release</Filter>
    </ClCompile>
    <ClCompile Include="GeneratedFiles\Release\moc_QtCropEditorDialogue.cpp">
      <Filter>Generated Files\Release</Filter>
    </ClCompile>
    <ClCompile Include="GeneratedFiles\Release\moc_QtCropWidget.cpp">
      <Filter>Generated Files\Release</Filter>
    </ClCompile>
    <ClCompile Include="GeneratedFiles\Release\moc_QtDatasetViewDialogue.cpp">
      <Filter>Generated Files\Release</Filter>
    </ClCompile>
    <ClCompile Include="GeneratedFiles\Release\moc_QtDatasetViewWidget.cpp">
      <Filter>Generated Files\Release</Filter>
    </ClCompile>
    <ClCompile Include="GeneratedFiles\Release\moc_QtFilterEditorDialogue.cpp">
      <Filter>Generated Files\Release</Filter>
    </ClCompile>
    <ClCompile Include="GeneratedFiles\Release\moc_QtFilterWidget.cpp">
      <Filter>Generated Files\Release</Filter>
    </ClCompile>
    <ClCompile Include="GeneratedFiles\Release\moc_QtGLObjWin.cpp">
      <Filter>Generated Files\Release</Filter>
    </ClCompile>
    <ClCompile Include="GeneratedFiles\Release\moc_QtGLWidget.cpp">
      <Filter>Generated Files\Release</Filter>
    </ClCompile>
    <ClCompile Include="GeneratedFiles\Release\moc_QtHistogram.cpp">
      <Filter>Generated Files\Release</Filter>
    </ClCompile>
    <ClCompile Include="GeneratedFiles\Release\moc_QtIsoSurfaceWidget.cpp">
      <Filter>Generated Files\Release</Filter>
    </ClCompile>
    <ClCompile Include="GeneratedFiles\Release\moc_QtLightEditorDialogue.cpp">
      <Filter>Generated Files\Release</Filter>
    </ClCompile>
    <ClCompile Include="GeneratedFiles\Release\moc_QtLightSettingsWidget.cpp">
      <Filter>Generated Files\Release</Filter>
    </ClCompile>
    <ClCompile Include="GeneratedFiles\Release\moc_QtMainWindow.cpp">
      <Filter>Generated Files\Release</Filter>
    </ClCompile>
    <ClCompile Include="GeneratedFiles\Release\moc_QtMeasuringEditorDialogue.cpp">
      <Filter>Generated Files\Release</Filter>
    </ClCompile>
    <ClCompile Include="GeneratedFiles\Release\moc_QtMeasuringWidget.cpp">
      <Filter>Generated Files\Release</Filter>
    </ClCompile>
    <ClCompile Include="GeneratedFiles\Release\moc_QtMovieEditorDialogue.cpp">
      <Filter>Generated Files\Release</Filter>
    </ClCompile>
    <ClCompile Include="GeneratedFiles\Release\moc_QtMoviePlayer.cpp">
      <Filter>Generated Files\Release</Filter>
    </ClCompile>
    <ClCompile Include="GeneratedFiles\Release\moc_QtMovieSettingsWidget.cpp">
      <Filter>Generated Files\Release</Filter>
    </ClCompile>
    <ClCompile Include="GeneratedFiles\Release\moc_QtOMEROLoader.cpp">
      <Filter>Generated Files\Release</Filter>
    </ClCompile>
    <ClCompile Include="GeneratedFiles\Release\moc_QtRenderSettingsWidget.cpp">
      <Filter>Generated Files\Release</Filter>
    </ClCompile>
    <ClCompile Include="GeneratedFiles\Release\moc_QtRenderViewDialogue.cpp">
      <Filter>Generated Files\Release</Filter>
    </ClCompile>
    <ClCompile Include="GeneratedFiles\Release\moc_QtRenderViewWidget.cpp">
      <Filter>Generated Files\Release</Filter>
    </ClCompile>
    <ClCompile Include="GeneratedFiles\Release\moc_QtSliceFrame.cpp">
      <Filter>Generated Files\Release</Filter>
    </ClCompile>
    <ClCompile Include="GeneratedFiles\Release\moc_QtSplashScreen.cpp">
      <Filter>Generated Files\Release</Filter>
    </ClCompile>
    <ClCompile Include="GeneratedFiles\Release\moc_QtStereoEditorDialogue.cpp">
      <Filter>Generated Files\Release</Filter>
    </ClCompile>
    <ClCompile Include="GeneratedFiles\Release\moc_QtStereoSettingsWidget.cpp">
      <Filter>Generated Files\Release</Filter>
    </ClCompile>
    <ClCompile Include="GeneratedFiles\Release\moc_QtTransferFunctionEditorDialogue.cpp">
      <Filter>Generated Files\Release</Filter>
    </ClCompile>
    <ClCompile Include="GeneratedFiles\Release\moc_QtTransferFunctionWidget.cpp">
      <Filter>Generated Files\Release</Filter>
    </ClCompile>
    <ClCompile Include="GeneratedFiles\Release\moc_QtTransformEditorDialogue.cpp">
      <Filter>Generated Files\Release</Filter>
    </ClCompile>
    <ClCompile Include="GeneratedFiles\Release\moc_QtTransformWidget.cpp">
      <Filter>Generated Files\Release</Filter>
    </ClCompile>
    <ClCompile Include="GeneratedFiles\Release\moc_QtViewEditorDialogue.cpp">
      <Filter>Generated Files\Release</Filter>
    </ClCompile>
    <ClCompile Include="GeneratedFiles\Release\moc_QtViewSettingsWidget.cpp">
      <Filter>Generated Files\Release</Filter>
    </ClCompile>
    <ClCompile Include="GeneratedFiles\Release\moc_QtVolumeEditorDialogue.cpp">
      <Filter>Generated Files\Release</Filter>
    </ClCompile>
    <ClCompile Include="GeneratedFiles\Debug\moc_QtClippingEditorDialogue.cpp">
      <Filter>Generated Files\Debug</Filter>
    </ClCompile>
    <ClCompile Include="GeneratedFiles\Debug\moc_QtCLippingWidget.cpp">
      <Filter>Generated Files\Debug</Filter>
    </ClCompile>
    <ClCompile Include="GeneratedFiles\Debug\moc_QtCropEditorDialogue.cpp">
      <Filter>Generated Files\Debug</Filter>
    </ClCompile>
    <ClCompile Include="GeneratedFiles\Debug\moc_QtCropWidget.cpp">
      <Filter>Generated Files\Debug</Filter>
    </ClCompile>
    <ClCompile Include="GeneratedFiles\Debug\moc_QtDatasetViewDialogue.cpp">
      <Filter>Generated Files\Debug</Filter>
    </ClCompile>
    <ClCompile Include="GeneratedFiles\Debug\moc_QtDatasetViewWidget.cpp">
      <Filter>Generated Files\Debug</Filter>
    </ClCompile>
    <ClCompile Include="GeneratedFiles\Debug\moc_QtFilterEditorDialogue.cpp">
      <Filter>Generated Files\Debug</Filter>
    </ClCompile>
    <ClCompile Include="GeneratedFiles\Debug\moc_QtFilterWidget.cpp">
      <Filter>Generated Files\Debug</Filter>
    </ClCompile>
    <ClCompile Include="GeneratedFiles\Debug\moc_QtGLObjWin.cpp">
      <Filter>Generated Files\Debug</Filter>
    </ClCompile>
    <ClCompile Include="GeneratedFiles\Debug\moc_QtGLWidget.cpp">
      <Filter>Generated Files\Debug</Filter>
    </ClCompile>
    <ClCompile Include="GeneratedFiles\Debug\moc_QtHistogram.cpp">
      <Filter>Generated Files\Debug</Filter>
    </ClCompile>
    <ClCompile Include="GeneratedFiles\Debug\moc_QtIsoSurfaceWidget.cpp">
      <Filter>Generated Files\Debug</Filter>
    </ClCompile>
    <ClCompile Include="GeneratedFiles\Debug\moc_QtLightEditorDialogue.cpp">
      <Filter>Generated Files\Debug</Filter>
    </ClCompile>
    <ClCompile Include="GeneratedFiles\Debug\moc_QtLightSettingsWidget.cpp">
      <Filter>Generated Files\Debug</Filter>
    </ClCompile>
    <ClCompile Include="GeneratedFiles\Debug\moc_QtMainWindow.cpp">
      <Filter>Generated Files\Debug</Filter>
    </ClCompile>
    <ClCompile Include="GeneratedFiles\Debug\moc_QtMeasuringEditorDialogue.cpp">
      <Filter>Generated Files\Debug</Filter>
    </ClCompile>
    <ClCompile Include="GeneratedFiles\Debug\moc_QtMeasuringWidget.cpp">
      <Filter>Generated Files\Debug</Filter>
    </ClCompile>
    <ClCompile Include="GeneratedFiles\Debug\moc_QtMovieEditorDialogue.cpp">
      <Filter>Generated Files\Debug</Filter>
    </ClCompile>
    <ClCompile Include="GeneratedFiles\Debug\moc_QtMoviePlayer.cpp">
      <Filter>Generated Files\Debug</Filter>
    </ClCompile>
    <ClCompile Include="GeneratedFiles\Debug\moc_QtMovieSettingsWidget.cpp">
      <Filter>Generated Files\Debug</Filter>
    </ClCompile>
    <ClCompile Include="GeneratedFiles\Debug\moc_QtOMEROLoader.cpp">
      <Filter>Generated Files\Debug</Filter>
    </ClCompile>
    <ClCompile Include="GeneratedFiles\Debug\moc_QtRenderSettingsWidget.cpp">
      <Filter>Generated Files\Debug</Filter>
    </ClCompile>
    <ClCompile Include="GeneratedFiles\Debug\moc_QtRenderViewDialogue.cpp">
      <Filter>Generated Files\Debug</Filter>
    </ClCompile>
    <ClCompile Include="GeneratedFiles\Debug\moc_QtRenderViewWidget.cpp">
      <Filter>Generated Files\Debug</Filter>
    </ClCompile>
    <ClCompile Include="GeneratedFiles\Debug\moc_QtSliceFrame.cpp">
      <Filter>Generated Files\Debug</Filter>
    </ClCompile>
    <ClCompile Include="GeneratedFiles\Debug\moc_QtSplashScreen.cpp">
      <Filter>Generated Files\Debug</Filter>
    </ClCompile>
    <ClCompile Include="GeneratedFiles\Debug\moc_QtStereoEditorDialogue.cpp">
      <Filter>Generated Files\Debug</Filter>
    </ClCompile>
    <ClCompile Include="GeneratedFiles\Debug\moc_QtStereoSettingsWidget.cpp">
      <Filter>Generated Files\Debug</Filter>
    </ClCompile>
    <ClCompile Include="GeneratedFiles\Debug\moc_QtTransferFunctionEditorDialogue.cpp">
      <Filter>Generated Files\Debug</Filter>
    </ClCompile>
    <ClCompile Include="GeneratedFiles\Debug\moc_QtTransferFunctionWidget.cpp">
      <Filter>Generated Files\Debug</Filter>
    </ClCompile>
    <ClCompile Include="GeneratedFiles\Debug\moc_QtTransformEditorDialogue.cpp">
      <Filter>Generated Files\Debug</Filter>
    </ClCompile>
    <ClCompile Include="GeneratedFiles\Debug\moc_QtTransformWidget.cpp">
      <Filter>Generated Files\Debug</Filter>
    </ClCompile>
    <ClCompile Include="GeneratedFiles\Debug\moc_QtViewEditorDialogue.cpp">
      <Filter>Generated Files\Debug</Filter>
    </ClCompile>
    <ClCompile Include="GeneratedFiles\Debug\moc_QtViewSettingsWidget.cpp">
      <Filter>Generated Files\Debug</Filter>
    </ClCompile>
    <ClCompile Include="GeneratedFiles\Debug\moc_QtVolumeEditorDialogue.cpp">
      <Filter>Generated Files\Debug</Filter>
    </ClCompile>
    <ClCompile Include="GeneratedFiles\Debug_OMERO\moc_QtClippingEditorDialogue.cpp">
      <Filter>Generated Files\Debug_OMERO</Filter>
    </ClCompile>
    <ClCompile Include="GeneratedFiles\Debug_OMERO\moc_QtCLippingWidget.cpp">
      <Filter>Generated Files\Debug_OMERO</Filter>
    </ClCompile>
    <ClCompile Include="GeneratedFiles\Debug_OMERO\moc_QtCropEditorDialogue.cpp">
      <Filter>Generated Files\Debug_OMERO</Filter>
    </ClCompile>
    <ClCompile Include="GeneratedFiles\Debug_OMERO\moc_QtCropWidget.cpp">
      <Filter>Generated Files\Debug_OMERO</Filter>
    </ClCompile>
    <ClCompile Include="GeneratedFiles\Debug_OMERO\moc_QtDatasetViewDialogue.cpp">
      <Filter>Generated Files\Debug_OMERO</Filter>
    </ClCompile>
    <ClCompile Include="GeneratedFiles\Debug_OMERO\moc_QtDatasetViewWidget.cpp">
      <Filter>Generated Files\Debug_OMERO</Filter>
    </ClCompile>
    <ClCompile Include="GeneratedFiles\Debug_OMERO\moc_QtFilterEditorDialogue.cpp">
      <Filter>Generated Files\Debug_OMERO</Filter>
    </ClCompile>
    <ClCompile Include="GeneratedFiles\Debug_OMERO\moc_QtFilterWidget.cpp">
      <Filter>Generated Files\Debug_OMERO</Filter>
    </ClCompile>
    <ClCompile Include="GeneratedFiles\Debug_OMERO\moc_QtGLObjWin.cpp">
      <Filter>Generated Files\Debug_OMERO</Filter>
    </ClCompile>
    <ClCompile Include="GeneratedFiles\Debug_OMERO\moc_QtGLWidget.cpp">
      <Filter>Generated Files\Debug_OMERO</Filter>
    </ClCompile>
    <ClCompile Include="GeneratedFiles\Debug_OMERO\moc_QtHistogram.cpp">
      <Filter>Generated Files\Debug_OMERO</Filter>
    </ClCompile>
    <ClCompile Include="GeneratedFiles\Debug_OMERO\moc_QtIsoSurfaceWidget.cpp">
      <Filter>Generated Files\Debug_OMERO</Filter>
    </ClCompile>
    <ClCompile Include="GeneratedFiles\Debug_OMERO\moc_QtLightEditorDialogue.cpp">
      <Filter>Generated Files\Debug_OMERO</Filter>
    </ClCompile>
    <ClCompile Include="GeneratedFiles\Debug_OMERO\moc_QtLightSettingsWidget.cpp">
      <Filter>Generated Files\Debug_OMERO</Filter>
    </ClCompile>
    <ClCompile Include="GeneratedFiles\Debug_OMERO\moc_QtMainWindow.cpp">
      <Filter>Generated Files\Debug_OMERO</Filter>
    </ClCompile>
    <ClCompile Include="GeneratedFiles\Debug_OMERO\moc_QtMeasuringEditorDialogue.cpp">
      <Filter>Generated Files\Debug_OMERO</Filter>
    </ClCompile>
    <ClCompile Include="GeneratedFiles\Debug_OMERO\moc_QtMeasuringWidget.cpp">
      <Filter>Generated Files\Debug_OMERO</Filter>
    </ClCompile>
    <ClCompile Include="GeneratedFiles\Debug_OMERO\moc_QtMovieEditorDialogue.cpp">
      <Filter>Generated Files\Debug_OMERO</Filter>
    </ClCompile>
    <ClCompile Include="GeneratedFiles\Debug_OMERO\moc_QtMoviePlayer.cpp">
      <Filter>Generated Files\Debug_OMERO</Filter>
    </ClCompile>
    <ClCompile Include="GeneratedFiles\Debug_OMERO\moc_QtMovieSettingsWidget.cpp">
      <Filter>Generated Files\Debug_OMERO</Filter>
    </ClCompile>
    <ClCompile Include="GeneratedFiles\Debug_OMERO\moc_QtOMEROLoader.cpp">
      <Filter>Generated Files\Debug_OMERO</Filter>
    </ClCompile>
    <ClCompile Include="GeneratedFiles\Debug_OMERO\moc_QtRenderSettingsWidget.cpp">
      <Filter>Generated Files\Debug_OMERO</Filter>
    </ClCompile>
    <ClCompile Include="GeneratedFiles\Debug_OMERO\moc_QtRenderViewDialogue.cpp">
      <Filter>Generated Files\Debug_OMERO</Filter>
    </ClCompile>
    <ClCompile Include="GeneratedFiles\Debug_OMERO\moc_QtRenderViewWidget.cpp">
      <Filter>Generated Files\Debug_OMERO</Filter>
    </ClCompile>
    <ClCompile Include="GeneratedFiles\Debug_OMERO\moc_QtSliceFrame.cpp">
      <Filter>Generated Files\Debug_OMERO</Filter>
    </ClCompile>
    <ClCompile Include="GeneratedFiles\Debug_OMERO\moc_QtSplashScreen.cpp">
      <Filter>Generated Files\Debug_OMERO</Filter>
    </ClCompile>
    <ClCompile Include="GeneratedFiles\Debug_OMERO\moc_QtStereoEditorDialogue.cpp">
      <Filter>Generated Files\Debug_OMERO</Filter>
    </ClCompile>
    <ClCompile Include="GeneratedFiles\Debug_OMERO\moc_QtStereoSettingsWidget.cpp">
      <Filter>Generated Files\Debug_OMERO</Filter>
    </ClCompile>
    <ClCompile Include="GeneratedFiles\Debug_OMERO\moc_QtTransferFunctionEditorDialogue.cpp">
      <Filter>Generated Files\Debug_OMERO</Filter>
    </ClCompile>
    <ClCompile Include="GeneratedFiles\Debug_OMERO\moc_QtTransferFunctionWidget.cpp">
      <Filter>Generated Files\Debug_OMERO</Filter>
    </ClCompile>
    <ClCompile Include="GeneratedFiles\Debug_OMERO\moc_QtTransformEditorDialogue.cpp">
      <Filter>Generated Files\Debug_OMERO</Filter>
    </ClCompile>
    <ClCompile Include="GeneratedFiles\Debug_OMERO\moc_QtTransformWidget.cpp">
      <Filter>Generated Files\Debug_OMERO</Filter>
    </ClCompile>
    <ClCompile Include="GeneratedFiles\Debug_OMERO\moc_QtViewEditorDialogue.cpp">
      <Filter>Generated Files\Debug_OMERO</Filter>
    </ClCompile>
    <ClCompile Include="GeneratedFiles\Debug_OMERO\moc_QtViewSettingsWidget.cpp">
      <Filter>Generated Files\Debug_OMERO</Filter>
    </ClCompile>
    <ClCompile Include="GeneratedFiles\Debug_OMERO\moc_QtVolumeEditorDialogue.cpp">
      <Filter>Generated Files\Debug_OMERO</Filter>
    </ClCompile>
    <ClCompile Include="src\ColourMap.cpp">
      <Filter>Source Files</Filter>
    </ClCompile>
    <ClCompile Include="src\SVNObject.cpp">
      <Filter>Source Files</Filter>
    </ClCompile>
    <ClCompile Include="GeneratedFiles\Debug_OMERO\moc_QtTransferFuncDialogue.cpp">
      <Filter>Generated Files\Debug_OMERO</Filter>
    </ClCompile>
    <ClCompile Include="GeneratedFiles\Debug\moc_QtTransferFuncDialogue.cpp">
      <Filter>Generated Files\Debug</Filter>
    </ClCompile>
    <ClCompile Include="GeneratedFiles\Release\moc_QtTransferFuncDialogue.cpp">
      <Filter>Generated Files\Release</Filter>
    </ClCompile>
    <ClCompile Include="GeneratedFiles\Template\moc_QtTransferFuncDialogue.cpp">
      <Filter>Generated Files\Template</Filter>
    </ClCompile>
    <ClCompile Include="GeneratedFiles\Debug_OMERO\moc_QtTransferFuncWidget.cpp">
      <Filter>Generated Files\Debug_OMERO</Filter>
    </ClCompile>
    <ClCompile Include="GeneratedFiles\Debug\moc_QtTransferFuncWidget.cpp">
      <Filter>Generated Files\Debug</Filter>
    </ClCompile>
    <ClCompile Include="GeneratedFiles\Release\moc_QtTransferFuncWidget.cpp">
      <Filter>Generated Files\Release</Filter>
    </ClCompile>
    <ClCompile Include="GeneratedFiles\Template\moc_QtTransferFuncWidget.cpp">
      <Filter>Generated Files\Template</Filter>
    </ClCompile>
    <ClCompile Include="src\QtTransferFuncDialogue.cpp">
      <Filter>Source Files\Qt</Filter>
    </ClCompile>
    <ClCompile Include="src\QtTransferFuncWidget.cpp">
      <Filter>Source Files\Qt</Filter>
    </ClCompile>
    <ClCompile Include="GeneratedFiles\Debug_OMERO\moc_QtHistoTfuncPixmap.cpp">
      <Filter>Generated Files\Debug_OMERO</Filter>
    </ClCompile>
    <ClCompile Include="GeneratedFiles\Debug\moc_QtHistoTfuncPixmap.cpp">
      <Filter>Generated Files\Debug</Filter>
    </ClCompile>
    <ClCompile Include="GeneratedFiles\Release\moc_QtHistoTfuncPixmap.cpp">
      <Filter>Generated Files\Release</Filter>
    </ClCompile>
    <ClCompile Include="GeneratedFiles\Template\moc_QtHistoTfuncPixmap.cpp">
      <Filter>Generated Files\Template</Filter>
    </ClCompile>
    <ClCompile Include="src\QtHistoTfuncPixmap.cpp">
      <Filter>Source Files\Qt</Filter>
    </ClCompile>
    <ClCompile Include="src\OpenCLWrapper.cpp">
      <Filter>Source Files\CL</Filter>
    </ClCompile>
    <ClCompile Include="src\OpenCLExecuter.cpp">
      <Filter>Source Files\CL</Filter>
    </ClCompile>
    <ClCompile Include="src\VolumeScript.cpp">
      <Filter>Source Files</Filter>
    </ClCompile>
    <ClCompile Include="GeneratedFiles\Debug_OMERO\moc_QtCameraEditorDialogue.cpp">
      <Filter>Generated Files\Debug_OMERO</Filter>
    </ClCompile>
    <ClCompile Include="GeneratedFiles\Debug\moc_QtCameraEditorDialogue.cpp">
      <Filter>Generated Files\Debug</Filter>
    </ClCompile>
    <ClCompile Include="GeneratedFiles\Release\moc_QtCameraEditorDialogue.cpp">
      <Filter>Generated Files\Release</Filter>
    </ClCompile>
    <ClCompile Include="GeneratedFiles\Template\moc_QtCameraEditorDialogue.cpp">
      <Filter>Generated Files\Template</Filter>
    </ClCompile>
    <ClCompile Include="GeneratedFiles\Debug_OMERO\moc_QtCameraSettingsWidget.cpp">
      <Filter>Generated Files\Debug_OMERO</Filter>
    </ClCompile>
    <ClCompile Include="GeneratedFiles\Debug\moc_QtCameraSettingsWidget.cpp">
      <Filter>Generated Files\Debug</Filter>
    </ClCompile>
    <ClCompile Include="GeneratedFiles\Release\moc_QtCameraSettingsWidget.cpp">
      <Filter>Generated Files\Release</Filter>
    </ClCompile>
    <ClCompile Include="GeneratedFiles\Template\moc_QtCameraSettingsWidget.cpp">
      <Filter>Generated Files\Template</Filter>
    </ClCompile>
    <ClCompile Include="src\QtCameraEditorDialogue.cpp">
      <Filter>Source Files\Qt</Filter>
    </ClCompile>
    <ClCompile Include="src\QtCameraSettingsWidget.cpp">
      <Filter>Source Files\Qt</Filter>
    </ClCompile>
  </ItemGroup>
  <ItemGroup>
    <None Include="src\maxflow_instances.inc">
      <Filter>Source Files</Filter>
    </None>
  </ItemGroup>
  <ItemGroup>
    <ClInclude Include="src\ArcBall.h">
      <Filter>Header Files</Filter>
    </ClInclude>
    <ClInclude Include="src\BSpline.h">
      <Filter>Header Files</Filter>
    </ClInclude>
    <ClInclude Include="src\Camera.h">
      <Filter>Header Files</Filter>
    </ClInclude>
    <ClInclude Include="src\ColourFun.h">
      <Filter>Header Files</Filter>
    </ClInclude>
    <ClInclude Include="src\Constant.h">
      <Filter>Header Files</Filter>
    </ClInclude>
    <ClInclude Include="src\CVector.h">
      <Filter>Header Files</Filter>
    </ClInclude>
    <ClInclude Include="src\DatasetView.h">
      <Filter>Header Files</Filter>
    </ClInclude>
    <ClInclude Include="src\Edge.h">
      <Filter>Header Files</Filter>
    </ClInclude>
    <ClInclude Include="src\Face.h">
      <Filter>Header Files</Filter>
    </ClInclude>
    <ClInclude Include="src\Filter.h">
      <Filter>Header Files</Filter>
    </ClInclude>
    <ClInclude Include="src\FilterDefinitions.h">
      <Filter>Header Files</Filter>
    </ClInclude>
    <ClInclude Include="src\Floodfill.h">
      <Filter>Header Files</Filter>
    </ClInclude>
    <ClInclude Include="src\FunctionEditor.h">
      <Filter>Header Files</Filter>
    </ClInclude>
    <ClInclude Include="src\Gaussian.h">
      <Filter>Header Files</Filter>
    </ClInclude>
    <ClInclude Include="src\Global.h">
      <Filter>Header Files</Filter>
    </ClInclude>
    <ClInclude Include="src\MarchingCubes.h">
      <Filter>Header Files</Filter>
    </ClInclude>
    <ClInclude Include="src\MarchingCubesLookupTab.h">
      <Filter>Header Files</Filter>
    </ClInclude>
    <ClInclude Include="src\Matrix.h">
      <Filter>Header Files</Filter>
    </ClInclude>
    <ClInclude Include="src\Matrix4x4.h">
      <Filter>Header Files</Filter>
    </ClInclude>
    <ClInclude Include="src\maxflow_block.h">
      <Filter>Header Files</Filter>
    </ClInclude>
    <ClInclude Include="src\maxflow_graph.h">
      <Filter>Header Files</Filter>
    </ClInclude>
    <ClInclude Include="src\MaxFlowSegmentation.h">
      <Filter>Header Files</Filter>
    </ClInclude>
    <ClInclude Include="src\MeasureDefinitions.h">
      <Filter>Header Files</Filter>
    </ClInclude>
    <ClInclude Include="src\MeasureListObject.h">
      <Filter>Header Files</Filter>
    </ClInclude>
    <ClInclude Include="src\MeasureObject.h">
      <Filter>Header Files</Filter>
    </ClInclude>
    <ClInclude Include="src\Mesh.h">
      <Filter>Header Files</Filter>
    </ClInclude>
    <ClInclude Include="src\MeshListObject.h">
      <Filter>Header Files</Filter>
    </ClInclude>
    <ClInclude Include="src\MyDefines.h">
      <Filter>Header Files</Filter>
    </ClInclude>
    <ClInclude Include="src\MyMath.h">
      <Filter>Header Files</Filter>
    </ClInclude>
    <ClInclude Include="src\OMEROLoader.h">
      <Filter>Header Files</Filter>
    </ClInclude>
    <ClInclude Include="src\PCA.h">
      <Filter>Header Files</Filter>
    </ClInclude>
    <ClInclude Include="src\PeronaMalikFlow.h">
      <Filter>Header Files</Filter>
    </ClInclude>
    <ClInclude Include="src\PlaneWidget.h">
      <Filter>Header Files</Filter>
    </ClInclude>
    <ClInclude Include="src\PlaneWidgetInCube.h">
      <Filter>Header Files</Filter>
    </ClInclude>
    <ClInclude Include="src\Point3D.h">
      <Filter>Header Files</Filter>
    </ClInclude>
    <ClInclude Include="src\Quaternion.h">
      <Filter>Header Files</Filter>
    </ClInclude>
    <ClInclude Include="src\RAW.h">
      <Filter>Header Files</Filter>
    </ClInclude>
    <ClInclude Include="src\resource.h">
      <Filter>Header Files</Filter>
    </ClInclude>
    <ClInclude Include="src\ShaderDefinitions.h">
      <Filter>Header Files</Filter>
    </ClInclude>
    <ClInclude Include="src\Sieve.h">
      <Filter>Header Files</Filter>
    </ClInclude>
    <ClInclude Include="src\Sobel.h">
      <Filter>Header Files</Filter>
    </ClInclude>
    <ClInclude Include="src\TfuncState.h">
      <Filter>Header Files</Filter>
    </ClInclude>
    <ClInclude Include="src\Timer.h">
      <Filter>Header Files</Filter>
    </ClInclude>
    <ClInclude Include="src\Tokenizer.h">
      <Filter>Header Files</Filter>
    </ClInclude>
    <ClInclude Include="src\Triangulate.h">
      <Filter>Header Files</Filter>
    </ClInclude>
    <ClInclude Include="src\Vector.h">
      <Filter>Header Files</Filter>
    </ClInclude>
    <ClInclude Include="src\VolIO.h">
      <Filter>Header Files</Filter>
    </ClInclude>
    <ClInclude Include="src\VolumeObject.h">
      <Filter>Header Files</Filter>
    </ClInclude>
    <ClInclude Include="src\VolumeRender.h">
      <Filter>Header Files</Filter>
    </ClInclude>
    <ClInclude Include="src\VolumeRenderView.h">
      <Filter>Header Files</Filter>
    </ClInclude>
    <ClInclude Include="src\QtThreadedBrickLoader.h">
      <Filter>Header Files\Qt</Filter>
    </ClInclude>
    <ClInclude Include="src\QtThreadedSliceLoader.h">
      <Filter>Header Files\Qt</Filter>
    </ClInclude>
    <ClInclude Include="src\gl.h">
      <Filter>Header Files\GL</Filter>
    </ClInclude>
    <ClInclude Include="src\GL_Ext.h">
      <Filter>Header Files\GL</Filter>
    </ClInclude>
    <ClInclude Include="src\GL_FrameBufferObject.h">
      <Filter>Header Files\GL</Filter>
    </ClInclude>
    <ClInclude Include="src\GL_ShaderObj.h">
      <Filter>Header Files\GL</Filter>
    </ClInclude>
    <ClInclude Include="src\glext.h">
      <Filter>Header Files\GL</Filter>
    </ClInclude>
    <ClInclude Include="src\ColourMap.h">
      <Filter>Header Files</Filter>
    </ClInclude>
    <ClInclude Include="src\SVNObject.h">
      <Filter>Header Files</Filter>
    </ClInclude>
    <ClInclude Include="src\OpenCLWrapper.h">
      <Filter>Header Files\CL</Filter>
    </ClInclude>
    <ClInclude Include="src\OpenCLExecuter.h">
      <Filter>Header Files\CL</Filter>
    </ClInclude>
    <ClInclude Include="src\VolumeScript.h">
      <Filter>Header Files</Filter>
    </ClInclude>
  </ItemGroup>
  <ItemGroup>
    <Resource Include="src\VolViewer.res">
      <Filter>Resource Files</Filter>
    </Resource>
  </ItemGroup>
  <ItemGroup>
    <CustomBuild Include="src\QtClippingEditorDialogue.h">
      <Filter>Header Files\Qt</Filter>
    </CustomBuild>
    <CustomBuild Include="src\QtCLippingWidget.h">
      <Filter>Header Files\Qt</Filter>
    </CustomBuild>
    <CustomBuild Include="src\QtCropEditorDialogue.h">
      <Filter>Header Files\Qt</Filter>
    </CustomBuild>
    <CustomBuild Include="src\QtCropWidget.h">
      <Filter>Header Files\Qt</Filter>
    </CustomBuild>
    <CustomBuild Include="src\QtDatasetViewDialogue.h">
      <Filter>Header Files\Qt</Filter>
    </CustomBuild>
    <CustomBuild Include="src\QtDatasetViewWidget.h">
      <Filter>Header Files\Qt</Filter>
    </CustomBuild>
    <CustomBuild Include="src\QtFilterEditorDialogue.h">
      <Filter>Header Files\Qt</Filter>
    </CustomBuild>
    <CustomBuild Include="src\QtFilterWidget.h">
      <Filter>Header Files\Qt</Filter>
    </CustomBuild>
    <CustomBuild Include="src\QtGLObjWin.h">
      <Filter>Header Files\Qt</Filter>
    </CustomBuild>
    <CustomBuild Include="src\QtGLWidget.h">
      <Filter>Header Files\Qt</Filter>
    </CustomBuild>
    <CustomBuild Include="src\QtHistogram.h">
      <Filter>Header Files\Qt</Filter>
    </CustomBuild>
    <CustomBuild Include="src\QtIsoSurfaceWidget.h">
      <Filter>Header Files\Qt</Filter>
    </CustomBuild>
    <CustomBuild Include="src\QtLightEditorDialogue.h">
      <Filter>Header Files\Qt</Filter>
    </CustomBuild>
    <CustomBuild Include="src\QtLightSettingsWidget.h">
      <Filter>Header Files\Qt</Filter>
    </CustomBuild>
    <CustomBuild Include="src\QtMainWindow.h">
      <Filter>Header Files\Qt</Filter>
    </CustomBuild>
    <CustomBuild Include="src\QtMeasuringEditorDialogue.h">
      <Filter>Header Files\Qt</Filter>
    </CustomBuild>
    <CustomBuild Include="src\QtMeasuringWidget.h">
      <Filter>Header Files\Qt</Filter>
    </CustomBuild>
    <CustomBuild Include="src\QtMovieEditorDialogue.h">
      <Filter>Header Files\Qt</Filter>
    </CustomBuild>
    <CustomBuild Include="src\QtMoviePlayer.h">
      <Filter>Header Files\Qt</Filter>
    </CustomBuild>
    <CustomBuild Include="src\QtMovieSettingsWidget.h">
      <Filter>Header Files\Qt</Filter>
    </CustomBuild>
    <CustomBuild Include="src\QtOMEROLoader.h">
      <Filter>Header Files\Qt</Filter>
    </CustomBuild>
    <CustomBuild Include="src\QtRenderSettingsWidget.h">
      <Filter>Header Files\Qt</Filter>
    </CustomBuild>
    <CustomBuild Include="src\QtRenderViewDialogue.h">
      <Filter>Header Files\Qt</Filter>
    </CustomBuild>
    <CustomBuild Include="src\QtRenderViewWidget.h">
      <Filter>Header Files\Qt</Filter>
    </CustomBuild>
    <CustomBuild Include="src\QtSliceFrame.h">
      <Filter>Header Files\Qt</Filter>
    </CustomBuild>
    <CustomBuild Include="src\QtSplashScreen.h">
      <Filter>Header Files\Qt</Filter>
    </CustomBuild>
    <CustomBuild Include="src\QtStereoEditorDialogue.h">
      <Filter>Header Files\Qt</Filter>
    </CustomBuild>
    <CustomBuild Include="src\QtStereoSettingsWidget.h">
      <Filter>Header Files\Qt</Filter>
    </CustomBuild>
    <CustomBuild Include="src\QtTransferFunctionEditorDialogue.h">
      <Filter>Header Files\Qt</Filter>
    </CustomBuild>
    <CustomBuild Include="src\QtTransferFunctionWidget.h">
      <Filter>Header Files\Qt</Filter>
    </CustomBuild>
    <CustomBuild Include="src\QtTransformEditorDialogue.h">
      <Filter>Header Files\Qt</Filter>
    </CustomBuild>
    <CustomBuild Include="src\QtTransformWidget.h">
      <Filter>Header Files\Qt</Filter>
    </CustomBuild>
    <CustomBuild Include="src\QtViewEditorDialogue.h">
      <Filter>Header Files\Qt</Filter>
    </CustomBuild>
    <CustomBuild Include="src\QtViewSettingsWidget.h">
      <Filter>Header Files\Qt</Filter>
    </CustomBuild>
    <CustomBuild Include="src\QtVolumeEditorDialogue.h">
      <Filter>Header Files\Qt</Filter>
    </CustomBuild>
    <CustomBuild Include="VolViewer.qrc">
      <Filter>Resource Files</Filter>
    </CustomBuild>
    <CustomBuild Include="src\QtTransferFuncDialogue.h">
      <Filter>Header Files\Qt</Filter>
    </CustomBuild>
    <CustomBuild Include="src\QtTransferFuncWidget.h">
      <Filter>Header Files\Qt</Filter>
    </CustomBuild>
    <CustomBuild Include="src\QtHistoTfuncPixmap.h">
      <Filter>Header Files\Qt</Filter>
    </CustomBuild>
    <CustomBuild Include="src\QtCameraEditorDialogue.h">
      <Filter>Header Files\Qt</Filter>
    </CustomBuild>
    <CustomBuild Include="src\QtCameraSettingsWidget.h">
      <Filter>Header Files\Qt</Filter>
    </CustomBuild>
  </ItemGroup>
</Project>